// !$*UTF8*$!
{
	archiveVersion = 1;
	classes = {
	};
	objectVersion = 56;
	objects = {

/* Begin PBXBuildFile section */
		98918BA06E30BD5E9D930F73 /* Pods_AnimationApp2.framework in Frameworks */ = {isa = PBXBuildFile; fileRef = 19CE7804435B72E967363B00 /* Pods_AnimationApp2.framework */; };
		E2F315F7298537F500140F04 /* AppDelegate.swift in Sources */ = {isa = PBXBuildFile; fileRef = E2F315F6298537F500140F04 /* AppDelegate.swift */; };
		E2F315F9298537F500140F04 /* SceneDelegate.swift in Sources */ = {isa = PBXBuildFile; fileRef = E2F315F8298537F500140F04 /* SceneDelegate.swift */; };
		E2F315FB298537F500140F04 /* ViewController.swift in Sources */ = {isa = PBXBuildFile; fileRef = E2F315FA298537F500140F04 /* ViewController.swift */; };
		E2F315FE298537F500140F04 /* Main.storyboard in Resources */ = {isa = PBXBuildFile; fileRef = E2F315FC298537F500140F04 /* Main.storyboard */; };
		E2F31600298537F700140F04 /* Assets.xcassets in Resources */ = {isa = PBXBuildFile; fileRef = E2F315FF298537F700140F04 /* Assets.xcassets */; };
		E2F31603298537F700140F04 /* LaunchScreen.storyboard in Resources */ = {isa = PBXBuildFile; fileRef = E2F31601298537F700140F04 /* LaunchScreen.storyboard */; };
		E2F3160B298538D900140F04 /* Animation.swift in Sources */ = {isa = PBXBuildFile; fileRef = E2F3160A298538D900140F04 /* Animation.swift */; };
		E2F3160D2985391200140F04 /* DataManager.swift in Sources */ = {isa = PBXBuildFile; fileRef = E2F3160C2985391200140F04 /* DataManager.swift */; };
/* End PBXBuildFile section */

/* Begin PBXFileReference section */
		19CE7804435B72E967363B00 /* Pods_AnimationApp2.framework */ = {isa = PBXFileReference; explicitFileType = wrapper.framework; includeInIndex = 0; path = Pods_AnimationApp2.framework; sourceTree = BUILT_PRODUCTS_DIR; };
		71DA1F4A610D3F0E393AAAFE /* Pods-AnimationApp2.release.xcconfig */ = {isa = PBXFileReference; includeInIndex = 1; lastKnownFileType = text.xcconfig; name = "Pods-AnimationApp2.release.xcconfig"; path = "Target Support Files/Pods-AnimationApp2/Pods-AnimationApp2.release.xcconfig"; sourceTree = "<group>"; };
		DAB9D65FA836A584F5D8B891 /* Pods-AnimationApp2.debug.xcconfig */ = {isa = PBXFileReference; includeInIndex = 1; lastKnownFileType = text.xcconfig; name = "Pods-AnimationApp2.debug.xcconfig"; path = "Target Support Files/Pods-AnimationApp2/Pods-AnimationApp2.debug.xcconfig"; sourceTree = "<group>"; };
		E2F315F3298537F500140F04 /* AnimationApp2.app */ = {isa = PBXFileReference; explicitFileType = wrapper.application; includeInIndex = 0; path = AnimationApp2.app; sourceTree = BUILT_PRODUCTS_DIR; };
		E2F315F6298537F500140F04 /* AppDelegate.swift */ = {isa = PBXFileReference; lastKnownFileType = sourcecode.swift; path = AppDelegate.swift; sourceTree = "<group>"; };
		E2F315F8298537F500140F04 /* SceneDelegate.swift */ = {isa = PBXFileReference; lastKnownFileType = sourcecode.swift; path = SceneDelegate.swift; sourceTree = "<group>"; };
		E2F315FA298537F500140F04 /* ViewController.swift */ = {isa = PBXFileReference; lastKnownFileType = sourcecode.swift; path = ViewController.swift; sourceTree = "<group>"; };
		E2F315FD298537F500140F04 /* Base */ = {isa = PBXFileReference; lastKnownFileType = file.storyboard; name = Base; path = Base.lproj/Main.storyboard; sourceTree = "<group>"; };
		E2F315FF298537F700140F04 /* Assets.xcassets */ = {isa = PBXFileReference; lastKnownFileType = folder.assetcatalog; path = Assets.xcassets; sourceTree = "<group>"; };
		E2F31602298537F700140F04 /* Base */ = {isa = PBXFileReference; lastKnownFileType = file.storyboard; name = Base; path = Base.lproj/LaunchScreen.storyboard; sourceTree = "<group>"; };
		E2F31604298537F700140F04 /* Info.plist */ = {isa = PBXFileReference; lastKnownFileType = text.plist.xml; path = Info.plist; sourceTree = "<group>"; };
		E2F3160A298538D900140F04 /* Animation.swift */ = {isa = PBXFileReference; lastKnownFileType = sourcecode.swift; path = Animation.swift; sourceTree = "<group>"; };
		E2F3160C2985391200140F04 /* DataManager.swift */ = {isa = PBXFileReference; lastKnownFileType = sourcecode.swift; path = DataManager.swift; sourceTree = "<group>"; };
/* End PBXFileReference section */

/* Begin PBXFrameworksBuildPhase section */
		E2F315F0298537F500140F04 /* Frameworks */ = {
			isa = PBXFrameworksBuildPhase;
			buildActionMask = 2147483647;
			files = (
				98918BA06E30BD5E9D930F73 /* Pods_AnimationApp2.framework in Frameworks */,
			);
			runOnlyForDeploymentPostprocessing = 0;
		};
/* End PBXFrameworksBuildPhase section */

/* Begin PBXGroup section */
		548B03217FA438DF7226526A /* Pods */ = {
			isa = PBXGroup;
			children = (
				DAB9D65FA836A584F5D8B891 /* Pods-AnimationApp2.debug.xcconfig */,
				71DA1F4A610D3F0E393AAAFE /* Pods-AnimationApp2.release.xcconfig */,
			);
			path = Pods;
			sourceTree = "<group>";
		};
		C87E533F1785111190528409 /* Frameworks */ = {
			isa = PBXGroup;
			children = (
				19CE7804435B72E967363B00 /* Pods_AnimationApp2.framework */,
			);
			name = Frameworks;
			sourceTree = "<group>";
		};
		E2F315EA298537F500140F04 = {
			isa = PBXGroup;
			children = (
				E2F315F5298537F500140F04 /* AnimationApp2 */,
				E2F315F4298537F500140F04 /* Products */,
				548B03217FA438DF7226526A /* Pods */,
				C87E533F1785111190528409 /* Frameworks */,
			);
			sourceTree = "<group>";
		};
		E2F315F4298537F500140F04 /* Products */ = {
			isa = PBXGroup;
			children = (
				E2F315F3298537F500140F04 /* AnimationApp2.app */,
			);
			name = Products;
			sourceTree = "<group>";
		};
		E2F315F5298537F500140F04 /* AnimationApp2 */ = {
			isa = PBXGroup;
			children = (
				E2F315F6298537F500140F04 /* AppDelegate.swift */,
				E2F315F8298537F500140F04 /* SceneDelegate.swift */,
				E2F315FA298537F500140F04 /* ViewController.swift */,
				E2F315FC298537F500140F04 /* Main.storyboard */,
				E2F315FF298537F700140F04 /* Assets.xcassets */,
				E2F31601298537F700140F04 /* LaunchScreen.storyboard */,
				E2F31604298537F700140F04 /* Info.plist */,
				E2F3160A298538D900140F04 /* Animation.swift */,
				E2F3160C2985391200140F04 /* DataManager.swift */,
			);
			path = AnimationApp2;
			sourceTree = "<group>";
		};
/* End PBXGroup section */

/* Begin PBXNativeTarget section */
		E2F315F2298537F500140F04 /* AnimationApp2 */ = {
			isa = PBXNativeTarget;
			buildConfigurationList = E2F31607298537F700140F04 /* Build configuration list for PBXNativeTarget "AnimationApp2" */;
			buildPhases = (
				4600EE1780941E09D68635A8 /* [CP] Check Pods Manifest.lock */,
				E2F315EF298537F500140F04 /* Sources */,
				E2F315F0298537F500140F04 /* Frameworks */,
				E2F315F1298537F500140F04 /* Resources */,
				E4ECF5F7C1818AC1B910F745 /* [CP] Embed Pods Frameworks */,
			);
			buildRules = (
			);
			dependencies = (
			);
			name = AnimationApp2;
			productName = AnimationApp2;
			productReference = E2F315F3298537F500140F04 /* AnimationApp2.app */;
			productType = "com.apple.product-type.application";
		};
/* End PBXNativeTarget section */

/* Begin PBXProject section */
		E2F315EB298537F500140F04 /* Project object */ = {
			isa = PBXProject;
			attributes = {
				BuildIndependentTargetsInParallel = 1;
				LastSwiftUpdateCheck = 1420;
				LastUpgradeCheck = 1420;
				TargetAttributes = {
					E2F315F2298537F500140F04 = {
						CreatedOnToolsVersion = 14.2;
					};
				};
			};
			buildConfigurationList = E2F315EE298537F500140F04 /* Build configuration list for PBXProject "AnimationApp2" */;
			compatibilityVersion = "Xcode 14.0";
			developmentRegion = en;
			hasScannedForEncodings = 0;
			knownRegions = (
				en,
				Base,
			);
			mainGroup = E2F315EA298537F500140F04;
			productRefGroup = E2F315F4298537F500140F04 /* Products */;
			projectDirPath = "";
			projectRoot = "";
			targets = (
				E2F315F2298537F500140F04 /* AnimationApp2 */,
			);
		};
/* End PBXProject section */

/* Begin PBXResourcesBuildPhase section */
		E2F315F1298537F500140F04 /* Resources */ = {
			isa = PBXResourcesBuildPhase;
			buildActionMask = 2147483647;
			files = (
				E2F31603298537F700140F04 /* LaunchScreen.storyboard in Resources */,
				E2F31600298537F700140F04 /* Assets.xcassets in Resources */,
				E2F315FE298537F500140F04 /* Main.storyboard in Resources */,
			);
			runOnlyForDeploymentPostprocessing = 0;
		};
/* End PBXResourcesBuildPhase section */

/* Begin PBXShellScriptBuildPhase section */
		4600EE1780941E09D68635A8 /* [CP] Check Pods Manifest.lock */ = {
			isa = PBXShellScriptBuildPhase;
			buildActionMask = 2147483647;
			files = (
			);
			inputFileListPaths = (
			);
			inputPaths = (
				"${PODS_PODFILE_DIR_PATH}/Podfile.lock",
				"${PODS_ROOT}/Manifest.lock",
			);
			name = "[CP] Check Pods Manifest.lock";
			outputFileListPaths = (
			);
			outputPaths = (
				"$(DERIVED_FILE_DIR)/Pods-AnimationApp2-checkManifestLockResult.txt",
			);
			runOnlyForDeploymentPostprocessing = 0;
			shellPath = /bin/sh;
			shellScript = "diff \"${PODS_PODFILE_DIR_PATH}/Podfile.lock\" \"${PODS_ROOT}/Manifest.lock\" > /dev/null\nif [ $? != 0 ] ; then\n    # print error to STDERR\n    echo \"error: The sandbox is not in sync with the Podfile.lock. Run 'pod install' or update your CocoaPods installation.\" >&2\n    exit 1\nfi\n# This output is used by Xcode 'outputs' to avoid re-running this script phase.\necho \"SUCCESS\" > \"${SCRIPT_OUTPUT_FILE_0}\"\n";
			showEnvVarsInLog = 0;
		};
		E4ECF5F7C1818AC1B910F745 /* [CP] Embed Pods Frameworks */ = {
			isa = PBXShellScriptBuildPhase;
			buildActionMask = 2147483647;
			files = (
			);
			inputFileListPaths = (
				"${PODS_ROOT}/Target Support Files/Pods-AnimationApp2/Pods-AnimationApp2-frameworks-${CONFIGURATION}-input-files.xcfilelist",
			);
			name = "[CP] Embed Pods Frameworks";
			outputFileListPaths = (
				"${PODS_ROOT}/Target Support Files/Pods-AnimationApp2/Pods-AnimationApp2-frameworks-${CONFIGURATION}-output-files.xcfilelist",
			);
			runOnlyForDeploymentPostprocessing = 0;
			shellPath = /bin/sh;
			shellScript = "\"${PODS_ROOT}/Target Support Files/Pods-AnimationApp2/Pods-AnimationApp2-frameworks.sh\"\n";
			showEnvVarsInLog = 0;
		};
/* End PBXShellScriptBuildPhase section */

/* Begin PBXSourcesBuildPhase section */
		E2F315EF298537F500140F04 /* Sources */ = {
			isa = PBXSourcesBuildPhase;
			buildActionMask = 2147483647;
			files = (
				E2F315FB298537F500140F04 /* ViewController.swift in Sources */,
				E2F3160D2985391200140F04 /* DataManager.swift in Sources */,
				E2F315F7298537F500140F04 /* AppDelegate.swift in Sources */,
				E2F3160B298538D900140F04 /* Animation.swift in Sources */,
				E2F315F9298537F500140F04 /* SceneDelegate.swift in Sources */,
			);
			runOnlyForDeploymentPostprocessing = 0;
		};
/* End PBXSourcesBuildPhase section */

/* Begin PBXVariantGroup section */
		E2F315FC298537F500140F04 /* Main.storyboard */ = {
			isa = PBXVariantGroup;
			children = (
				E2F315FD298537F500140F04 /* Base */,
			);
			name = Main.storyboard;
			sourceTree = "<group>";
		};
		E2F31601298537F700140F04 /* LaunchScreen.storyboard */ = {
			isa = PBXVariantGroup;
			children = (
				E2F31602298537F700140F04 /* Base */,
			);
			name = LaunchScreen.storyboard;
			sourceTree = "<group>";
		};
/* End PBXVariantGroup section */

/* Begin XCBuildConfiguration section */
		E2F31605298537F700140F04 /* Debug */ = {
			isa = XCBuildConfiguration;
			buildSettings = {
				ALWAYS_SEARCH_USER_PATHS = NO;
				CLANG_ANALYZER_NONNULL = YES;
				CLANG_ANALYZER_NUMBER_OBJECT_CONVERSION = YES_AGGRESSIVE;
				CLANG_CXX_LANGUAGE_STANDARD = "gnu++20";
				CLANG_ENABLE_MODULES = YES;
				CLANG_ENABLE_OBJC_ARC = YES;
				CLANG_ENABLE_OBJC_WEAK = YES;
				CLANG_WARN_BLOCK_CAPTURE_AUTORELEASING = YES;
				CLANG_WARN_BOOL_CONVERSION = YES;
				CLANG_WARN_COMMA = YES;
				CLANG_WARN_CONSTANT_CONVERSION = YES;
				CLANG_WARN_DEPRECATED_OBJC_IMPLEMENTATIONS = YES;
				CLANG_WARN_DIRECT_OBJC_ISA_USAGE = YES_ERROR;
				CLANG_WARN_DOCUMENTATION_COMMENTS = YES;
				CLANG_WARN_EMPTY_BODY = YES;
				CLANG_WARN_ENUM_CONVERSION = YES;
				CLANG_WARN_INFINITE_RECURSION = YES;
				CLANG_WARN_INT_CONVERSION = YES;
				CLANG_WARN_NON_LITERAL_NULL_CONVERSION = YES;
				CLANG_WARN_OBJC_IMPLICIT_RETAIN_SELF = YES;
				CLANG_WARN_OBJC_LITERAL_CONVERSION = YES;
				CLANG_WARN_OBJC_ROOT_CLASS = YES_ERROR;
				CLANG_WARN_QUOTED_INCLUDE_IN_FRAMEWORK_HEADER = YES;
				CLANG_WARN_RANGE_LOOP_ANALYSIS = YES;
				CLANG_WARN_STRICT_PROTOTYPES = YES;
				CLANG_WARN_SUSPICIOUS_MOVE = YES;
				CLANG_WARN_UNGUARDED_AVAILABILITY = YES_AGGRESSIVE;
				CLANG_WARN_UNREACHABLE_CODE = YES;
				CLANG_WARN__DUPLICATE_METHOD_MATCH = YES;
				COPY_PHASE_STRIP = NO;
				DEBUG_INFORMATION_FORMAT = dwarf;
				ENABLE_STRICT_OBJC_MSGSEND = YES;
				ENABLE_TESTABILITY = YES;
				GCC_C_LANGUAGE_STANDARD = gnu11;
				GCC_DYNAMIC_NO_PIC = NO;
				GCC_NO_COMMON_BLOCKS = YES;
				GCC_OPTIMIZATION_LEVEL = 0;
				GCC_PREPROCESSOR_DEFINITIONS = (
					"DEBUG=1",
					"$(inherited)",
				);
				GCC_WARN_64_TO_32_BIT_CONVERSION = YES;
				GCC_WARN_ABOUT_RETURN_TYPE = YES_ERROR;
				GCC_WARN_UNDECLARED_SELECTOR = YES;
				GCC_WARN_UNINITIALIZED_AUTOS = YES_AGGRESSIVE;
				GCC_WARN_UNUSED_FUNCTION = YES;
				GCC_WARN_UNUSED_VARIABLE = YES;
				IPHONEOS_DEPLOYMENT_TARGET = 16.2;
				MTL_ENABLE_DEBUG_INFO = INCLUDE_SOURCE;
				MTL_FAST_MATH = YES;
				ONLY_ACTIVE_ARCH = YES;
				SDKROOT = iphoneos;
				SWIFT_ACTIVE_COMPILATION_CONDITIONS = DEBUG;
				SWIFT_OPTIMIZATION_LEVEL = "-Onone";
			};
			name = Debug;
		};
		E2F31606298537F700140F04 /* Release */ = {
			isa = XCBuildConfiguration;
			buildSettings = {
				ALWAYS_SEARCH_USER_PATHS = NO;
				CLANG_ANALYZER_NONNULL = YES;
				CLANG_ANALYZER_NUMBER_OBJECT_CONVERSION = YES_AGGRESSIVE;
				CLANG_CXX_LANGUAGE_STANDARD = "gnu++20";
				CLANG_ENABLE_MODULES = YES;
				CLANG_ENABLE_OBJC_ARC = YES;
				CLANG_ENABLE_OBJC_WEAK = YES;
				CLANG_WARN_BLOCK_CAPTURE_AUTORELEASING = YES;
				CLANG_WARN_BOOL_CONVERSION = YES;
				CLANG_WARN_COMMA = YES;
				CLANG_WARN_CONSTANT_CONVERSION = YES;
				CLANG_WARN_DEPRECATED_OBJC_IMPLEMENTATIONS = YES;
				CLANG_WARN_DIRECT_OBJC_ISA_USAGE = YES_ERROR;
				CLANG_WARN_DOCUMENTATION_COMMENTS = YES;
				CLANG_WARN_EMPTY_BODY = YES;
				CLANG_WARN_ENUM_CONVERSION = YES;
				CLANG_WARN_INFINITE_RECURSION = YES;
				CLANG_WARN_INT_CONVERSION = YES;
				CLANG_WARN_NON_LITERAL_NULL_CONVERSION = YES;
				CLANG_WARN_OBJC_IMPLICIT_RETAIN_SELF = YES;
				CLANG_WARN_OBJC_LITERAL_CONVERSION = YES;
				CLANG_WARN_OBJC_ROOT_CLASS = YES_ERROR;
				CLANG_WARN_QUOTED_INCLUDE_IN_FRAMEWORK_HEADER = YES;
				CLANG_WARN_RANGE_LOOP_ANALYSIS = YES;
				CLANG_WARN_STRICT_PROTOTYPES = YES;
				CLANG_WARN_SUSPICIOUS_MOVE = YES;
				CLANG_WARN_UNGUARDED_AVAILABILITY = YES_AGGRESSIVE;
				CLANG_WARN_UNREACHABLE_CODE = YES;
				CLANG_WARN__DUPLICATE_METHOD_MATCH = YES;
				COPY_PHASE_STRIP = NO;
				DEBUG_INFORMATION_FORMAT = "dwarf-with-dsym";
				ENABLE_NS_ASSERTIONS = NO;
				ENABLE_STRICT_OBJC_MSGSEND = YES;
				GCC_C_LANGUAGE_STANDARD = gnu11;
				GCC_NO_COMMON_BLOCKS = YES;
				GCC_WARN_64_TO_32_BIT_CONVERSION = YES;
				GCC_WARN_ABOUT_RETURN_TYPE = YES_ERROR;
				GCC_WARN_UNDECLARED_SELECTOR = YES;
				GCC_WARN_UNINITIALIZED_AUTOS = YES_AGGRESSIVE;
				GCC_WARN_UNUSED_FUNCTION = YES;
				GCC_WARN_UNUSED_VARIABLE = YES;
				IPHONEOS_DEPLOYMENT_TARGET = 16.2;
				MTL_ENABLE_DEBUG_INFO = NO;
				MTL_FAST_MATH = YES;
				SDKROOT = iphoneos;
				SWIFT_COMPILATION_MODE = wholemodule;
				SWIFT_OPTIMIZATION_LEVEL = "-O";
				VALIDATE_PRODUCT = YES;
			};
			name = Release;
		};
		E2F31608298537F700140F04 /* Debug */ = {
			isa = XCBuildConfiguration;
			baseConfigurationReference = DAB9D65FA836A584F5D8B891 /* Pods-AnimationApp2.debug.xcconfig */;
			buildSettings = {
				ASSETCATALOG_COMPILER_APPICON_NAME = AppIcon;
				ASSETCATALOG_COMPILER_GLOBAL_ACCENT_COLOR_NAME = AccentColor;
				CODE_SIGN_STYLE = Automatic;
				CURRENT_PROJECT_VERSION = 1;
				DEVELOPMENT_TEAM = V5KDCCDL5E;
				GENERATE_INFOPLIST_FILE = YES;
				INFOPLIST_FILE = AnimationApp2/Info.plist;
				INFOPLIST_KEY_UIApplicationSupportsIndirectInputEvents = YES;
				INFOPLIST_KEY_UILaunchStoryboardName = LaunchScreen;
				INFOPLIST_KEY_UIMainStoryboardFile = Main;
				INFOPLIST_KEY_UISupportedInterfaceOrientations_iPad = "UIInterfaceOrientationPortrait UIInterfaceOrientationPortraitUpsideDown UIInterfaceOrientationLandscapeLeft UIInterfaceOrientationLandscapeRight";
				INFOPLIST_KEY_UISupportedInterfaceOrientations_iPhone = "UIInterfaceOrientationPortrait UIInterfaceOrientationLandscapeLeft UIInterfaceOrientationLandscapeRight";
				IPHONEOS_DEPLOYMENT_TARGET = 15.0;
				LD_RUNPATH_SEARCH_PATHS = (
					"$(inherited)",
					"@executable_path/Frameworks",
				);
				MARKETING_VERSION = 1.0;
				PRODUCT_BUNDLE_IDENTIFIER = com.geritacey.AnimationApp2;
				PRODUCT_NAME = "$(TARGET_NAME)";
				SWIFT_EMIT_LOC_STRINGS = YES;
				SWIFT_VERSION = 5.0;
				TARGETED_DEVICE_FAMILY = "1,2";
			};
			name = Debug;
		};
		E2F31609298537F700140F04 /* Release */ = {
			isa = XCBuildConfiguration;
			baseConfigurationReference = 71DA1F4A610D3F0E393AAAFE /* Pods-AnimationApp2.release.xcconfig */;
			buildSettings = {
				ASSETCATALOG_COMPILER_APPICON_NAME = AppIcon;
				ASSETCATALOG_COMPILER_GLOBAL_ACCENT_COLOR_NAME = AccentColor;
				CODE_SIGN_STYLE = Automatic;
				CURRENT_PROJECT_VERSION = 1;
				DEVELOPMENT_TEAM = V5KDCCDL5E;
				GENERATE_INFOPLIST_FILE = YES;
				INFOPLIST_FILE = AnimationApp2/Info.plist;
				INFOPLIST_KEY_UIApplicationSupportsIndirectInputEvents = YES;
				INFOPLIST_KEY_UILaunchStoryboardName = LaunchScreen;
				INFOPLIST_KEY_UIMainStoryboardFile = Main;
				INFOPLIST_KEY_UISupportedInterfaceOrientations_iPad = "UIInterfaceOrientationPortrait UIInterfaceOrientationPortraitUpsideDown UIInterfaceOrientationLandscapeLeft UIInterfaceOrientationLandscapeRight";
				INFOPLIST_KEY_UISupportedInterfaceOrientations_iPhone = "UIInterfaceOrientationPortrait UIInterfaceOrientationLandscapeLeft UIInterfaceOrientationLandscapeRight";
				IPHONEOS_DEPLOYMENT_TARGET = 15.0;
				LD_RUNPATH_SEARCH_PATHS = (
					"$(inherited)",
					"@executable_path/Frameworks",
				);
				MARKETING_VERSION = 1.0;
				PRODUCT_BUNDLE_IDENTIFIER = com.geritacey.AnimationApp2;
				PRODUCT_NAME = "$(TARGET_NAME)";
				SWIFT_EMIT_LOC_STRINGS = YES;
				SWIFT_VERSION = 5.0;
				TARGETED_DEVICE_FAMILY = "1,2";
			};
			name = Release;
		};
/* End XCBuildConfiguration section */

/* Begin XCConfigurationList section */
		E2F315EE298537F500140F04 /* Build configuration list for PBXProject "AnimationApp2" */ = {
			isa = XCConfigurationList;
			buildConfigurations = (
				E2F31605298537F700140F04 /* Debug */,
				E2F31606298537F700140F04 /* Release */,
			);
			defaultConfigurationIsVisible = 0;
			defaultConfigurationName = Release;
		};
		E2F31607298537F700140F04 /* Build configuration list for PBXNativeTarget "AnimationApp2" */ = {
			isa = XCConfigurationList;
			buildConfigurations = (
				E2F31608298537F700140F04 /* Debug */,
				E2F31609298537F700140F04 /* Release */,
			);
			defaultConfigurationIsVisible = 0;
			defaultConfigurationName = Release;
		};
/* End XCConfigurationList section */
	};
	rootObject = E2F315EB298537F500140F04 /* Project object */;
}
